
Microsoft Visual Studio Solution File, Format Version 12.00
# Visual Studio Version 16
VisualStudioVersion = 16.0.28803.202
MinimumVisualStudioVersion = 10.0.40219.1
Project("{FAE04EC0-301F-11D3-BF4B-00C04F79EFBC}") = "PrismApp", "PrismApp\PrismApp\PrismApp.csproj", "{50DBFED3-0D90-4A00-A54E-05C1C1F68423}"
EndProject
Project("{FAE04EC0-301F-11D3-BF4B-00C04F79EFBC}") = "PrismApp.Android", "PrismApp\PrismApp.Android\PrismApp.Android.csproj", "{9ECB7D77-F08C-459D-9407-EAAA3ED40F21}"
EndProject
Project("{FAE04EC0-301F-11D3-BF4B-00C04F79EFBC}") = "PrismApp.iOS", "PrismApp\PrismApp.iOS\PrismApp.iOS.csproj", "{06CC2CE6-4C4F-4437-8176-9547F6F84821}"
EndProject
Project("{FAE04EC0-301F-11D3-BF4B-00C04F79EFBC}") = "PrismApp.UWP", "PrismApp\PrismApp.UWP\PrismApp.UWP.csproj", "{E1A95BCD-7A00-429D-B968-951162656AED}"
EndProject
Global
	GlobalSection(SolutionConfigurationPlatforms) = preSolution
		Ad-Hoc|Any CPU = Ad-Hoc|Any CPU
		Ad-Hoc|ARM = Ad-Hoc|ARM
		Ad-Hoc|iPhone = Ad-Hoc|iPhone
		Ad-Hoc|iPhoneSimulator = Ad-Hoc|iPhoneSimulator
		Ad-Hoc|x64 = Ad-Hoc|x64
		Ad-Hoc|x86 = Ad-Hoc|x86
		AppStore|Any CPU = AppStore|Any CPU
		AppStore|ARM = AppStore|ARM
		AppStore|iPhone = AppStore|iPhone
		AppStore|iPhoneSimulator = AppStore|iPhoneSimulator
		AppStore|x64 = AppStore|x64
		AppStore|x86 = AppStore|x86
		Debug|Any CPU = Debug|Any CPU
		Debug|ARM = Debug|ARM
		Debug|iPhone = Debug|iPhone
		Debug|iPhoneSimulator = Debug|iPhoneSimulator
		Debug|x64 = Debug|x64
		Debug|x86 = Debug|x86
		Release|Any CPU = Release|Any CPU
		Release|ARM = Release|ARM
		Release|iPhone = Release|iPhone
		Release|iPhoneSimulator = Release|iPhoneSimulator
		Release|x64 = Release|x64
		Release|x86 = Release|x86
	EndGlobalSection
	GlobalSection(ProjectConfigurationPlatforms) = postSolution
		{50DBFED3-0D90-4A00-A54E-05C1C1F68423}.Ad-Hoc|Any CPU.ActiveCfg = Debug|Any CPU
		{50DBFED3-0D90-4A00-A54E-05C1C1F68423}.Ad-Hoc|Any CPU.Build.0 = Debug|Any CPU
		{50DBFED3-0D90-4A00-A54E-05C1C1F68423}.Ad-Hoc|ARM.ActiveCfg = Debug|Any CPU
		{50DBFED3-0D90-4A00-A54E-05C1C1F68423}.Ad-Hoc|ARM.Build.0 = Debug|Any CPU
		{50DBFED3-0D90-4A00-A54E-05C1C1F68423}.Ad-Hoc|iPhone.ActiveCfg = Debug|Any CPU
		{50DBFED3-0D90-4A00-A54E-05C1C1F68423}.Ad-Hoc|iPhone.Build.0 = Debug|Any CPU
		{50DBFED3-0D90-4A00-A54E-05C1C1F68423}.Ad-Hoc|iPhoneSimulator.ActiveCfg = Debug|Any CPU
		{50DBFED3-0D90-4A00-A54E-05C1C1F68423}.Ad-Hoc|iPhoneSimulator.Build.0 = Debug|Any CPU
		{50DBFED3-0D90-4A00-A54E-05C1C1F68423}.Ad-Hoc|x64.ActiveCfg = Debug|Any CPU
		{50DBFED3-0D90-4A00-A54E-05C1C1F68423}.Ad-Hoc|x64.Build.0 = Debug|Any CPU
		{50DBFED3-0D90-4A00-A54E-05C1C1F68423}.Ad-Hoc|x86.ActiveCfg = Debug|Any CPU
		{50DBFED3-0D90-4A00-A54E-05C1C1F68423}.Ad-Hoc|x86.Build.0 = Debug|Any CPU
		{50DBFED3-0D90-4A00-A54E-05C1C1F68423}.AppStore|Any CPU.ActiveCfg = Debug|Any CPU
		{50DBFED3-0D90-4A00-A54E-05C1C1F68423}.AppStore|Any CPU.Build.0 = Debug|Any CPU
		{50DBFED3-0D90-4A00-A54E-05C1C1F68423}.AppStore|ARM.ActiveCfg = Debug|Any CPU
		{50DBFED3-0D90-4A00-A54E-05C1C1F68423}.AppStore|ARM.Build.0 = Debug|Any CPU
		{50DBFED3-0D90-4A00-A54E-05C1C1F68423}.AppStore|iPhone.ActiveCfg = Debug|Any CPU
		{50DBFED3-0D90-4A00-A54E-05C1C1F68423}.AppStore|iPhone.Build.0 = Debug|Any CPU
		{50DBFED3-0D90-4A00-A54E-05C1C1F68423}.AppStore|iPhoneSimulator.ActiveCfg = Debug|Any CPU
		{50DBFED3-0D90-4A00-A54E-05C1C1F68423}.AppStore|iPhoneSimulator.Build.0 = Debug|Any CPU
		{50DBFED3-0D90-4A00-A54E-05C1C1F68423}.AppStore|x64.ActiveCfg = Debug|Any CPU
		{50DBFED3-0D90-4A00-A54E-05C1C1F68423}.AppStore|x64.Build.0 = Debug|Any CPU
		{50DBFED3-0D90-4A00-A54E-05C1C1F68423}.AppStore|x86.ActiveCfg = Debug|Any CPU
		{50DBFED3-0D90-4A00-A54E-05C1C1F68423}.AppStore|x86.Build.0 = Debug|Any CPU
		{50DBFED3-0D90-4A00-A54E-05C1C1F68423}.Debug|Any CPU.ActiveCfg = Debug|Any CPU
		{50DBFED3-0D90-4A00-A54E-05C1C1F68423}.Debug|Any CPU.Build.0 = Debug|Any CPU
		{50DBFED3-0D90-4A00-A54E-05C1C1F68423}.Debug|ARM.ActiveCfg = Debug|Any CPU
		{50DBFED3-0D90-4A00-A54E-05C1C1F68423}.Debug|ARM.Build.0 = Debug|Any CPU
		{50DBFED3-0D90-4A00-A54E-05C1C1F68423}.Debug|iPhone.ActiveCfg = Debug|Any CPU
		{50DBFED3-0D90-4A00-A54E-05C1C1F68423}.Debug|iPhone.Build.0 = Debug|Any CPU
		{50DBFED3-0D90-4A00-A54E-05C1C1F68423}.Debug|iPhoneSimulator.ActiveCfg = Debug|Any CPU
		{50DBFED3-0D90-4A00-A54E-05C1C1F68423}.Debug|iPhoneSimulator.Build.0 = Debug|Any CPU
		{50DBFED3-0D90-4A00-A54E-05C1C1F68423}.Debug|x64.ActiveCfg = Debug|Any CPU
		{50DBFED3-0D90-4A00-A54E-05C1C1F68423}.Debug|x64.Build.0 = Debug|Any CPU
		{50DBFED3-0D90-4A00-A54E-05C1C1F68423}.Debug|x86.ActiveCfg = Debug|Any CPU
		{50DBFED3-0D90-4A00-A54E-05C1C1F68423}.Debug|x86.Build.0 = Debug|Any CPU
		{50DBFED3-0D90-4A00-A54E-05C1C1F68423}.Release|Any CPU.ActiveCfg = Release|Any CPU
		{50DBFED3-0D90-4A00-A54E-05C1C1F68423}.Release|Any CPU.Build.0 = Release|Any CPU
		{50DBFED3-0D90-4A00-A54E-05C1C1F68423}.Release|ARM.ActiveCfg = Release|Any CPU
		{50DBFED3-0D90-4A00-A54E-05C1C1F68423}.Release|ARM.Build.0 = Release|Any CPU
		{50DBFED3-0D90-4A00-A54E-05C1C1F68423}.Release|iPhone.ActiveCfg = Release|Any CPU
		{50DBFED3-0D90-4A00-A54E-05C1C1F68423}.Release|iPhone.Build.0 = Release|Any CPU
		{50DBFED3-0D90-4A00-A54E-05C1C1F68423}.Release|iPhoneSimulator.ActiveCfg = Release|Any CPU
		{50DBFED3-0D90-4A00-A54E-05C1C1F68423}.Release|iPhoneSimulator.Build.0 = Release|Any CPU
		{50DBFED3-0D90-4A00-A54E-05C1C1F68423}.Release|x64.ActiveCfg = Release|Any CPU
		{50DBFED3-0D90-4A00-A54E-05C1C1F68423}.Release|x64.Build.0 = Release|Any CPU
		{50DBFED3-0D90-4A00-A54E-05C1C1F68423}.Release|x86.ActiveCfg = Release|Any CPU
		{50DBFED3-0D90-4A00-A54E-05C1C1F68423}.Release|x86.Build.0 = Release|Any CPU
		{9ECB7D77-F08C-459D-9407-EAAA3ED40F21}.Ad-Hoc|Any CPU.ActiveCfg = Release|Any CPU
		{9ECB7D77-F08C-459D-9407-EAAA3ED40F21}.Ad-Hoc|Any CPU.Build.0 = Release|Any CPU
		{9ECB7D77-F08C-459D-9407-EAAA3ED40F21}.Ad-Hoc|Any CPU.Deploy.0 = Release|Any CPU
		{9ECB7D77-F08C-459D-9407-EAAA3ED40F21}.Ad-Hoc|ARM.ActiveCfg = Release|Any CPU
		{9ECB7D77-F08C-459D-9407-EAAA3ED40F21}.Ad-Hoc|ARM.Build.0 = Release|Any CPU
		{9ECB7D77-F08C-459D-9407-EAAA3ED40F21}.Ad-Hoc|ARM.Deploy.0 = Release|Any CPU
		{9ECB7D77-F08C-459D-9407-EAAA3ED40F21}.Ad-Hoc|iPhone.ActiveCfg = Release|Any CPU
		{9ECB7D77-F08C-459D-9407-EAAA3ED40F21}.Ad-Hoc|iPhone.Build.0 = Release|Any CPU
		{9ECB7D77-F08C-459D-9407-EAAA3ED40F21}.Ad-Hoc|iPhone.Deploy.0 = Release|Any CPU
		{9ECB7D77-F08C-459D-9407-EAAA3ED40F21}.Ad-Hoc|iPhoneSimulator.ActiveCfg = Release|Any CPU
		{9ECB7D77-F08C-459D-9407-EAAA3ED40F21}.Ad-Hoc|iPhoneSimulator.Build.0 = Release|Any CPU
		{9ECB7D77-F08C-459D-9407-EAAA3ED40F21}.Ad-Hoc|iPhoneSimulator.Deploy.0 = Release|Any CPU
		{9ECB7D77-F08C-459D-9407-EAAA3ED40F21}.Ad-Hoc|x64.ActiveCfg = Release|Any CPU
		{9ECB7D77-F08C-459D-9407-EAAA3ED40F21}.Ad-Hoc|x64.Build.0 = Release|Any CPU
		{9ECB7D77-F08C-459D-9407-EAAA3ED40F21}.Ad-Hoc|x64.Deploy.0 = Release|Any CPU
		{9ECB7D77-F08C-459D-9407-EAAA3ED40F21}.Ad-Hoc|x86.ActiveCfg = Release|Any CPU
		{9ECB7D77-F08C-459D-9407-EAAA3ED40F21}.Ad-Hoc|x86.Build.0 = Release|Any CPU
		{9ECB7D77-F08C-459D-9407-EAAA3ED40F21}.Ad-Hoc|x86.Deploy.0 = Release|Any CPU
		{9ECB7D77-F08C-459D-9407-EAAA3ED40F21}.AppStore|Any CPU.ActiveCfg = Release|Any CPU
		{9ECB7D77-F08C-459D-9407-EAAA3ED40F21}.AppStore|Any CPU.Build.0 = Release|Any CPU
		{9ECB7D77-F08C-459D-9407-EAAA3ED40F21}.AppStore|Any CPU.Deploy.0 = Release|Any CPU
		{9ECB7D77-F08C-459D-9407-EAAA3ED40F21}.AppStore|ARM.ActiveCfg = Release|Any CPU
		{9ECB7D77-F08C-459D-9407-EAAA3ED40F21}.AppStore|ARM.Build.0 = Release|Any CPU
		{9ECB7D77-F08C-459D-9407-EAAA3ED40F21}.AppStore|ARM.Deploy.0 = Release|Any CPU
		{9ECB7D77-F08C-459D-9407-EAAA3ED40F21}.AppStore|iPhone.ActiveCfg = Release|Any CPU
		{9ECB7D77-F08C-459D-9407-EAAA3ED40F21}.AppStore|iPhone.Build.0 = Release|Any CPU
		{9ECB7D77-F08C-459D-9407-EAAA3ED40F21}.AppStore|iPhone.Deploy.0 = Release|Any CPU
		{9ECB7D77-F08C-459D-9407-EAAA3ED40F21}.AppStore|iPhoneSimulator.ActiveCfg = Release|Any CPU
		{9ECB7D77-F08C-459D-9407-EAAA3ED40F21}.AppStore|iPhoneSimulator.Build.0 = Release|Any CPU
		{9ECB7D77-F08C-459D-9407-EAAA3ED40F21}.AppStore|iPhoneSimulator.Deploy.0 = Release|Any CPU
		{9ECB7D77-F08C-459D-9407-EAAA3ED40F21}.AppStore|x64.ActiveCfg = Release|Any CPU
		{9ECB7D77-F08C-459D-9407-EAAA3ED40F21}.AppStore|x64.Build.0 = Release|Any CPU
		{9ECB7D77-F08C-459D-9407-EAAA3ED40F21}.AppStore|x64.Deploy.0 = Release|Any CPU
		{9ECB7D77-F08C-459D-9407-EAAA3ED40F21}.AppStore|x86.ActiveCfg = Release|Any CPU
		{9ECB7D77-F08C-459D-9407-EAAA3ED40F21}.AppStore|x86.Build.0 = Release|Any CPU
		{9ECB7D77-F08C-459D-9407-EAAA3ED40F21}.AppStore|x86.Deploy.0 = Release|Any CPU
		{9ECB7D77-F08C-459D-9407-EAAA3ED40F21}.Debug|Any CPU.ActiveCfg = Debug|Any CPU
		{9ECB7D77-F08C-459D-9407-EAAA3ED40F21}.Debug|Any CPU.Build.0 = Debug|Any CPU
		{9ECB7D77-F08C-459D-9407-EAAA3ED40F21}.Debug|Any CPU.Deploy.0 = Debug|Any CPU
		{9ECB7D77-F08C-459D-9407-EAAA3ED40F21}.Debug|ARM.ActiveCfg = Debug|Any CPU
		{9ECB7D77-F08C-459D-9407-EAAA3ED40F21}.Debug|ARM.Build.0 = Debug|Any CPU
		{9ECB7D77-F08C-459D-9407-EAAA3ED40F21}.Debug|ARM.Deploy.0 = Debug|Any CPU
		{9ECB7D77-F08C-459D-9407-EAAA3ED40F21}.Debug|iPhone.ActiveCfg = Debug|Any CPU
		{9ECB7D77-F08C-459D-9407-EAAA3ED40F21}.Debug|iPhone.Build.0 = Debug|Any CPU
		{9ECB7D77-F08C-459D-9407-EAAA3ED40F21}.Debug|iPhone.Deploy.0 = Debug|Any CPU
		{9ECB7D77-F08C-459D-9407-EAAA3ED40F21}.Debug|iPhoneSimulator.ActiveCfg = Debug|Any CPU
		{9ECB7D77-F08C-459D-9407-EAAA3ED40F21}.Debug|iPhoneSimulator.Build.0 = Debug|Any CPU
		{9ECB7D77-F08C-459D-9407-EAAA3ED40F21}.Debug|iPhoneSimulator.Deploy.0 = Debug|Any CPU
		{9ECB7D77-F08C-459D-9407-EAAA3ED40F21}.Debug|x64.ActiveCfg = Debug|Any CPU
		{9ECB7D77-F08C-459D-9407-EAAA3ED40F21}.Debug|x64.Build.0 = Debug|Any CPU
		{9ECB7D77-F08C-459D-9407-EAAA3ED40F21}.Debug|x64.Deploy.0 = Debug|Any CPU
		{9ECB7D77-F08C-459D-9407-EAAA3ED40F21}.Debug|x86.ActiveCfg = Debug|Any CPU
		{9ECB7D77-F08C-459D-9407-EAAA3ED40F21}.Debug|x86.Build.0 = Debug|Any CPU
		{9ECB7D77-F08C-459D-9407-EAAA3ED40F21}.Debug|x86.Deploy.0 = Debug|Any CPU
		{9ECB7D77-F08C-459D-9407-EAAA3ED40F21}.Release|Any CPU.ActiveCfg = Release|Any CPU
		{9ECB7D77-F08C-459D-9407-EAAA3ED40F21}.Release|Any CPU.Build.0 = Release|Any CPU
		{9ECB7D77-F08C-459D-9407-EAAA3ED40F21}.Release|Any CPU.Deploy.0 = Release|Any CPU
		{9ECB7D77-F08C-459D-9407-EAAA3ED40F21}.Release|ARM.ActiveCfg = Release|Any CPU
		{9ECB7D77-F08C-459D-9407-EAAA3ED40F21}.Release|ARM.Build.0 = Release|Any CPU
		{9ECB7D77-F08C-459D-9407-EAAA3ED40F21}.Release|ARM.Deploy.0 = Release|Any CPU
		{9ECB7D77-F08C-459D-9407-EAAA3ED40F21}.Release|iPhone.ActiveCfg = Release|Any CPU
		{9ECB7D77-F08C-459D-9407-EAAA3ED40F21}.Release|iPhone.Build.0 = Release|Any CPU
		{9ECB7D77-F08C-459D-9407-EAAA3ED40F21}.Release|iPhone.Deploy.0 = Release|Any CPU
		{9ECB7D77-F08C-459D-9407-EAAA3ED40F21}.Release|iPhoneSimulator.ActiveCfg = Release|Any CPU
		{9ECB7D77-F08C-459D-9407-EAAA3ED40F21}.Release|iPhoneSimulator.Build.0 = Release|Any CPU
		{9ECB7D77-F08C-459D-9407-EAAA3ED40F21}.Release|iPhoneSimulator.Deploy.0 = Release|Any CPU
		{9ECB7D77-F08C-459D-9407-EAAA3ED40F21}.Release|x64.ActiveCfg = Release|Any CPU
		{9ECB7D77-F08C-459D-9407-EAAA3ED40F21}.Release|x64.Build.0 = Release|Any CPU
		{9ECB7D77-F08C-459D-9407-EAAA3ED40F21}.Release|x64.Deploy.0 = Release|Any CPU
		{9ECB7D77-F08C-459D-9407-EAAA3ED40F21}.Release|x86.ActiveCfg = Release|Any CPU
		{9ECB7D77-F08C-459D-9407-EAAA3ED40F21}.Release|x86.Build.0 = Release|Any CPU
		{9ECB7D77-F08C-459D-9407-EAAA3ED40F21}.Release|x86.Deploy.0 = Release|Any CPU
		{06CC2CE6-4C4F-4437-8176-9547F6F84821}.Ad-Hoc|Any CPU.ActiveCfg = Ad-Hoc|iPhone
		{06CC2CE6-4C4F-4437-8176-9547F6F84821}.Ad-Hoc|ARM.ActiveCfg = Ad-Hoc|iPhone
		{06CC2CE6-4C4F-4437-8176-9547F6F84821}.Ad-Hoc|iPhone.ActiveCfg = Ad-Hoc|iPhone
		{06CC2CE6-4C4F-4437-8176-9547F6F84821}.Ad-Hoc|iPhone.Build.0 = Ad-Hoc|iPhone
		{06CC2CE6-4C4F-4437-8176-9547F6F84821}.Ad-Hoc|iPhoneSimulator.ActiveCfg = Ad-Hoc|iPhoneSimulator
		{06CC2CE6-4C4F-4437-8176-9547F6F84821}.Ad-Hoc|iPhoneSimulator.Build.0 = Ad-Hoc|iPhoneSimulator
		{06CC2CE6-4C4F-4437-8176-9547F6F84821}.Ad-Hoc|x64.ActiveCfg = Ad-Hoc|iPhone
		{06CC2CE6-4C4F-4437-8176-9547F6F84821}.Ad-Hoc|x86.ActiveCfg = Ad-Hoc|iPhone
		{06CC2CE6-4C4F-4437-8176-9547F6F84821}.AppStore|Any CPU.ActiveCfg = AppStore|iPhone
		{06CC2CE6-4C4F-4437-8176-9547F6F84821}.AppStore|ARM.ActiveCfg = AppStore|iPhone
		{06CC2CE6-4C4F-4437-8176-9547F6F84821}.AppStore|iPhone.ActiveCfg = AppStore|iPhone
		{06CC2CE6-4C4F-4437-8176-9547F6F84821}.AppStore|iPhone.Build.0 = AppStore|iPhone
		{06CC2CE6-4C4F-4437-8176-9547F6F84821}.AppStore|iPhoneSimulator.ActiveCfg = AppStore|iPhoneSimulator
		{06CC2CE6-4C4F-4437-8176-9547F6F84821}.AppStore|iPhoneSimulator.Build.0 = AppStore|iPhoneSimulator
		{06CC2CE6-4C4F-4437-8176-9547F6F84821}.AppStore|x64.ActiveCfg = AppStore|iPhone
		{06CC2CE6-4C4F-4437-8176-9547F6F84821}.AppStore|x86.ActiveCfg = AppStore|iPhone
		{06CC2CE6-4C4F-4437-8176-9547F6F84821}.Debug|Any CPU.ActiveCfg = Debug|iPhone
		{06CC2CE6-4C4F-4437-8176-9547F6F84821}.Debug|ARM.ActiveCfg = Debug|iPhone
		{06CC2CE6-4C4F-4437-8176-9547F6F84821}.Debug|iPhone.ActiveCfg = Debug|iPhone
		{06CC2CE6-4C4F-4437-8176-9547F6F84821}.Debug|iPhone.Build.0 = Debug|iPhone
		{06CC2CE6-4C4F-4437-8176-9547F6F84821}.Debug|iPhoneSimulator.ActiveCfg = Debug|iPhoneSimulator
		{06CC2CE6-4C4F-4437-8176-9547F6F84821}.Debug|iPhoneSimulator.Build.0 = Debug|iPhoneSimulator
		{06CC2CE6-4C4F-4437-8176-9547F6F84821}.Debug|x64.ActiveCfg = Debug|iPhone
		{06CC2CE6-4C4F-4437-8176-9547F6F84821}.Debug|x86.ActiveCfg = Debug|iPhone
		{06CC2CE6-4C4F-4437-8176-9547F6F84821}.Release|Any CPU.ActiveCfg = Release|iPhone
		{06CC2CE6-4C4F-4437-8176-9547F6F84821}.Release|ARM.ActiveCfg = Release|iPhone
		{06CC2CE6-4C4F-4437-8176-9547F6F84821}.Release|iPhone.ActiveCfg = Release|iPhone
		{06CC2CE6-4C4F-4437-8176-9547F6F84821}.Release|iPhone.Build.0 = Release|iPhone
		{06CC2CE6-4C4F-4437-8176-9547F6F84821}.Release|iPhoneSimulator.ActiveCfg = Release|iPhoneSimulator
		{06CC2CE6-4C4F-4437-8176-9547F6F84821}.Release|iPhoneSimulator.Build.0 = Release|iPhoneSimulator
		{06CC2CE6-4C4F-4437-8176-9547F6F84821}.Release|x64.ActiveCfg = Release|iPhone
		{06CC2CE6-4C4F-4437-8176-9547F6F84821}.Release|x86.ActiveCfg = Release|iPhone
		{E1A95BCD-7A00-429D-B968-951162656AED}.Ad-Hoc|Any CPU.ActiveCfg = Release|x86
		{E1A95BCD-7A00-429D-B968-951162656AED}.Ad-Hoc|Any CPU.Build.0 = Release|x86
		{E1A95BCD-7A00-429D-B968-951162656AED}.Ad-Hoc|Any CPU.Deploy.0 = Release|x86
		{E1A95BCD-7A00-429D-B968-951162656AED}.Ad-Hoc|ARM.ActiveCfg = Release|ARM
		{E1A95BCD-7A00-429D-B968-951162656AED}.Ad-Hoc|ARM.Build.0 = Release|ARM
		{E1A95BCD-7A00-429D-B968-951162656AED}.Ad-Hoc|ARM.Deploy.0 = Release|ARM
		{E1A95BCD-7A00-429D-B968-951162656AED}.Ad-Hoc|iPhone.ActiveCfg = Release|x86
		{E1A95BCD-7A00-429D-B968-951162656AED}.Ad-Hoc|iPhone.Build.0 = Release|x86
		{E1A95BCD-7A00-429D-B968-951162656AED}.Ad-Hoc|iPhone.Deploy.0 = Release|x86
		{E1A95BCD-7A00-429D-B968-951162656AED}.Ad-Hoc|iPhoneSimulator.ActiveCfg = Release|x86
		{E1A95BCD-7A00-429D-B968-951162656AED}.Ad-Hoc|iPhoneSimulator.Build.0 = Release|x86
		{E1A95BCD-7A00-429D-B968-951162656AED}.Ad-Hoc|iPhoneSimulator.Deploy.0 = Release|x86
		{E1A95BCD-7A00-429D-B968-951162656AED}.Ad-Hoc|x64.ActiveCfg = Release|x64
		{E1A95BCD-7A00-429D-B968-951162656AED}.Ad-Hoc|x64.Build.0 = Release|x64
		{E1A95BCD-7A00-429D-B968-951162656AED}.Ad-Hoc|x64.Deploy.0 = Release|x64
		{E1A95BCD-7A00-429D-B968-951162656AED}.Ad-Hoc|x86.ActiveCfg = Release|x86
		{E1A95BCD-7A00-429D-B968-951162656AED}.Ad-Hoc|x86.Build.0 = Release|x86
		{E1A95BCD-7A00-429D-B968-951162656AED}.Ad-Hoc|x86.Deploy.0 = Release|x86
		{E1A95BCD-7A00-429D-B968-951162656AED}.AppStore|Any CPU.ActiveCfg = Release|x86
		{E1A95BCD-7A00-429D-B968-951162656AED}.AppStore|Any CPU.Build.0 = Release|x86
		{E1A95BCD-7A00-429D-B968-951162656AED}.AppStore|Any CPU.Deploy.0 = Release|x86
		{E1A95BCD-7A00-429D-B968-951162656AED}.AppStore|ARM.ActiveCfg = Release|ARM
		{E1A95BCD-7A00-429D-B968-951162656AED}.AppStore|ARM.Build.0 = Release|ARM
		{E1A95BCD-7A00-429D-B968-951162656AED}.AppStore|ARM.Deploy.0 = Release|ARM
		{E1A95BCD-7A00-429D-B968-951162656AED}.AppStore|iPhone.ActiveCfg = Release|x86
		{E1A95BCD-7A00-429D-B968-951162656AED}.AppStore|iPhone.Build.0 = Release|x86
		{E1A95BCD-7A00-429D-B968-951162656AED}.AppStore|iPhone.Deploy.0 = Release|x86
		{E1A95BCD-7A00-429D-B968-951162656AED}.AppStore|iPhoneSimulator.ActiveCfg = Release|x86
		{E1A95BCD-7A00-429D-B968-951162656AED}.AppStore|iPhoneSimulator.Build.0 = Release|x86
		{E1A95BCD-7A00-429D-B968-951162656AED}.AppStore|iPhoneSimulator.Deploy.0 = Release|x86
		{E1A95BCD-7A00-429D-B968-951162656AED}.AppStore|x64.ActiveCfg = Release|x64
		{E1A95BCD-7A00-429D-B968-951162656AED}.AppStore|x64.Build.0 = Release|x64
		{E1A95BCD-7A00-429D-B968-951162656AED}.AppStore|x64.Deploy.0 = Release|x64
		{E1A95BCD-7A00-429D-B968-951162656AED}.AppStore|x86.ActiveCfg = Release|x86
		{E1A95BCD-7A00-429D-B968-951162656AED}.AppStore|x86.Build.0 = Release|x86
		{E1A95BCD-7A00-429D-B968-951162656AED}.AppStore|x86.Deploy.0 = Release|x86
		{E1A95BCD-7A00-429D-B968-951162656AED}.Debug|Any CPU.ActiveCfg = Debug|x86
		{E1A95BCD-7A00-429D-B968-951162656AED}.Debug|ARM.ActiveCfg = Debug|ARM
		{E1A95BCD-7A00-429D-B968-951162656AED}.Debug|ARM.Build.0 = Debug|ARM
		{E1A95BCD-7A00-429D-B968-951162656AED}.Debug|ARM.Deploy.0 = Debug|ARM
		{E1A95BCD-7A00-429D-B968-951162656AED}.Debug|iPhone.ActiveCfg = Debug|x86
		{E1A95BCD-7A00-429D-B968-951162656AED}.Debug|iPhoneSimulator.ActiveCfg = Debug|x86
		{E1A95BCD-7A00-429D-B968-951162656AED}.Debug|x64.ActiveCfg = Debug|x64
		{E1A95BCD-7A00-429D-B968-951162656AED}.Debug|x64.Build.0 = Debug|x64
		{E1A95BCD-7A00-429D-B968-951162656AED}.Debug|x64.Deploy.0 = Debug|x64
		{E1A95BCD-7A00-429D-B968-951162656AED}.Debug|x86.ActiveCfg = Debug|x86
		{E1A95BCD-7A00-429D-B968-951162656AED}.Debug|x86.Build.0 = Debug|x86
		{E1A95BCD-7A00-429D-B968-951162656AED}.Debug|x86.Deploy.0 = Debug|x86
		{E1A95BCD-7A00-429D-B968-951162656AED}.Release|Any CPU.ActiveCfg = Release|x86
		{E1A95BCD-7A00-429D-B968-951162656AED}.Release|ARM.ActiveCfg = Release|ARM
		{E1A95BCD-7A00-429D-B968-951162656AED}.Release|ARM.Build.0 = Release|ARM
		{E1A95BCD-7A00-429D-B968-951162656AED}.Release|ARM.Deploy.0 = Release|ARM
		{E1A95BCD-7A00-429D-B968-951162656AED}.Release|iPhone.ActiveCfg = Release|x86
		{E1A95BCD-7A00-429D-B968-951162656AED}.Release|iPhoneSimulator.ActiveCfg = Release|x86
		{E1A95BCD-7A00-429D-B968-951162656AED}.Release|x64.ActiveCfg = Release|x64
		{E1A95BCD-7A00-429D-B968-951162656AED}.Release|x64.Build.0 = Release|x64
		{E1A95BCD-7A00-429D-B968-951162656AED}.Release|x64.Deploy.0 = Release|x64
		{E1A95BCD-7A00-429D-B968-951162656AED}.Release|x86.ActiveCfg = Release|x86
		{E1A95BCD-7A00-429D-B968-951162656AED}.Release|x86.Build.0 = Release|x86
		{E1A95BCD-7A00-429D-B968-951162656AED}.Release|x86.Deploy.0 = Release|x86
	EndGlobalSection
	GlobalSection(SolutionProperties) = preSolution
		HideSolutionNode = FALSE
	EndGlobalSection
	GlobalSection(ExtensibilityGlobals) = postSolution
		SolutionGuid = {C0B955D1-EBD5-47F6-B606-36C9BBE80A90}
	EndGlobalSection
EndGlobal
